Microsoft Visual Studio Solution File, Format Version 12.00
# Visual Studio Version 17
VisualStudioVersion = 17.5.2.0
MinimumVisualStudioVersion = 10.0.40219.1
Project("{2150E333-8FDC-42A3-9474-1A3956D46DE8}") = "App", "App", "{F95F473B-E98A-ACD6-1986-755F447BE36F}"
EndProject
Project("{FAE04EC0-301F-11D3-BF4B-00C04F79EFBC}") = "App", "App\App\App.csproj", "{B6FFE4E5-65A1-4D07-CC5B-661A8FC8AD39}"
EndProject
Global
	GlobalSection(SolutionConfigurationPlatforms) = preSolution
		Debug|Any CPU = Debug|Any CPU
		Release|Any CPU = Release|Any CPU
	EndGlobalSection
	GlobalSection(ProjectConfigurationPlatforms) = postSolution
		{B6FFE4E5-65A1-4D07-CC5B-661A8FC8AD39}.Debug|Any CPU.ActiveCfg = Debug|Any CPU
		{B6FFE4E5-65A1-4D07-CC5B-661A8FC8AD39}.Debug|Any CPU.Build.0 = Debug|Any CPU
		{B6FFE4E5-65A1-4D07-CC5B-661A8FC8AD39}.Release|Any CPU.ActiveCfg = Release|Any CPU
		{B6FFE4E5-65A1-4D07-CC5B-661A8FC8AD39}.Release|Any CPU.Build.0 = Release|Any CPU
	EndGlobalSection
	GlobalSection(SolutionProperties) = preSolution
		HideSolutionNode = FALSE
	EndGlobalSection
	GlobalSection(NestedProjects) = preSolution
		{B6FFE4E5-65A1-4D07-CC5B-661A8FC8AD39} = {F95F473B-E98A-ACD6-1986-755F447BE36F}
	EndGlobalSection
	GlobalSection(ExtensibilityGlobals) = postSolution
		SolutionGuid = {8373FB27-1404-433A-8D0E-57562F56B3B8}
	EndGlobalSection
EndGlobal
